// !$*UTF8*$!
{
	archiveVersion = 1;
	classes = {
	};
	objectVersion = 50;
	objects = {

/* Begin PBXBuildFile section */
		D200A6AC233AF6B200E21D4E /* MenuViewController.swift in Sources */ = {isa = PBXBuildFile; fileRef = D200A6AB233AF6B200E21D4E /* MenuViewController.swift */; };
		D200A6AE233BE58F00E21D4E /* Menu.storyboard in Resources */ = {isa = PBXBuildFile; fileRef = D200A6AD233BE58F00E21D4E /* Menu.storyboard */; };
		D2BC7D862332E770008F17BB /* AppDelegate.swift in Sources */ = {isa = PBXBuildFile; fileRef = D2BC7D852332E770008F17BB /* AppDelegate.swift */; };
		D2BC7D882332E770008F17BB /* MasterViewController.swift in Sources */ = {isa = PBXBuildFile; fileRef = D2BC7D872332E770008F17BB /* MasterViewController.swift */; };
		D2BC7D8B2332E770008F17BB /* Master.storyboard in Resources */ = {isa = PBXBuildFile; fileRef = D2BC7D892332E770008F17BB /* Master.storyboard */; };
		D2BC7D8E2332E770008F17BB /* CardMatchGame.xcdatamodeld in Sources */ = {isa = PBXBuildFile; fileRef = D2BC7D8C2332E770008F17BB /* CardMatchGame.xcdatamodeld */; };
		D2BC7D902332E775008F17BB /* Assets.xcassets in Resources */ = {isa = PBXBuildFile; fileRef = D2BC7D8F2332E775008F17BB /* Assets.xcassets */; };
		D2BC7D932332E775008F17BB /* LaunchScreen.storyboard in Resources */ = {isa = PBXBuildFile; fileRef = D2BC7D912332E775008F17BB /* LaunchScreen.storyboard */; };
		D2BC7D9D233472D1008F17BB /* CollectionViewCell.swift in Sources */ = {isa = PBXBuildFile; fileRef = D2BC7D9C233472D1008F17BB /* CollectionViewCell.swift */; };
		D2BC7D9F23353116008F17BB /* CardModel.swift in Sources */ = {isa = PBXBuildFile; fileRef = D2BC7D9E23353116008F17BB /* CardModel.swift */; };
		D2BC7DA1233532BD008F17BB /* Card.swift in Sources */ = {isa = PBXBuildFile; fileRef = D2BC7DA0233532BD008F17BB /* Card.swift */; };
/* End PBXBuildFile section */

/* Begin PBXFileReference section */
		D200A6AB233AF6B200E21D4E /* MenuViewController.swift */ = {isa = PBXFileReference; lastKnownFileType = sourcecode.swift; path = MenuViewController.swift; sourceTree = "<group>"; };
		D200A6AD233BE58F00E21D4E /* Menu.storyboard */ = {isa = PBXFileReference; lastKnownFileType = file.storyboard; path = Menu.storyboard; sourceTree = "<group>"; };
		D2BC7D822332E770008F17BB /* CardMatchGame.app */ = {isa = PBXFileReference; explicitFileType = wrapper.application; includeInIndex = 0; path = CardMatchGame.app; sourceTree = BUILT_PRODUCTS_DIR; };
		D2BC7D852332E770008F17BB /* AppDelegate.swift */ = {isa = PBXFileReference; lastKnownFileType = sourcecode.swift; path = AppDelegate.swift; sourceTree = "<group>"; };
		D2BC7D872332E770008F17BB /* MasterViewController.swift */ = {isa = PBXFileReference; lastKnownFileType = sourcecode.swift; path = MasterViewController.swift; sourceTree = "<group>"; };
		D2BC7D8A2332E770008F17BB /* Base */ = {isa = PBXFileReference; lastKnownFileType = file.storyboard; name = Base; path = Base.lproj/Master.storyboard; sourceTree = "<group>"; };
		D2BC7D8D2332E770008F17BB /* CardMatchGame.xcdatamodel */ = {isa = PBXFileReference; lastKnownFileType = wrapper.xcdatamodel; path = CardMatchGame.xcdatamodel; sourceTree = "<group>"; };
		D2BC7D8F2332E775008F17BB /* Assets.xcassets */ = {isa = PBXFileReference; lastKnownFileType = folder.assetcatalog; path = Assets.xcassets; sourceTree = "<group>"; };
		D2BC7D922332E775008F17BB /* Base */ = {isa = PBXFileReference; lastKnownFileType = file.storyboard; name = Base; path = Base.lproj/LaunchScreen.storyboard; sourceTree = "<group>"; };
		D2BC7D942332E775008F17BB /* Info.plist */ = {isa = PBXFileReference; lastKnownFileType = text.plist.xml; path = Info.plist; sourceTree = "<group>"; };
		D2BC7D9C233472D1008F17BB /* CollectionViewCell.swift */ = {isa = PBXFileReference; lastKnownFileType = sourcecode.swift; path = CollectionViewCell.swift; sourceTree = "<group>"; };
		D2BC7D9E23353116008F17BB /* CardModel.swift */ = {isa = PBXFileReference; lastKnownFileType = sourcecode.swift; path = CardModel.swift; sourceTree = "<group>"; };
		D2BC7DA0233532BD008F17BB /* Card.swift */ = {isa = PBXFileReference; lastKnownFileType = sourcecode.swift; path = Card.swift; sourceTree = "<group>"; };
/* End PBXFileReference section */

/* Begin PBXFrameworksBuildPhase section */
		D2BC7D7F2332E770008F17BB /* Frameworks */ = {
			isa = PBXFrameworksBuildPhase;
			buildActionMask = 2147483647;
			files = (
			);
			runOnlyForDeploymentPostprocessing = 0;
		};
/* End PBXFrameworksBuildPhase section */

/* Begin PBXGroup section */
		D2BC7D792332E770008F17BB = {
			isa = PBXGroup;
			children = (
				D2BC7D842332E770008F17BB /* CardMatchGame */,
				D2BC7D832332E770008F17BB /* Products */,
			);
			sourceTree = "<group>";
		};
		D2BC7D832332E770008F17BB /* Products */ = {
			isa = PBXGroup;
			children = (
				D2BC7D822332E770008F17BB /* CardMatchGame.app */,
			);
			name = Products;
			sourceTree = "<group>";
		};
		D2BC7D842332E770008F17BB /* CardMatchGame */ = {
			isa = PBXGroup;
			children = (
				D2BC7D9B23332B62008F17BB /* Master */,
				D2BC7D9A23332AFB008F17BB /* SupportingFiles */,
				D2BC7D8C2332E770008F17BB /* CardMatchGame.xcdatamodeld */,
			);
			path = CardMatchGame;
			sourceTree = "<group>";
		};
		D2BC7D9A23332AFB008F17BB /* SupportingFiles */ = {
			isa = PBXGroup;
			children = (
				D2BC7D852332E770008F17BB /* AppDelegate.swift */,
				D2BC7D8F2332E775008F17BB /* Assets.xcassets */,
				D2BC7D912332E775008F17BB /* LaunchScreen.storyboard */,
				D2BC7D942332E775008F17BB /* Info.plist */,
			);
			name = SupportingFiles;
			sourceTree = "<group>";
		};
		D2BC7D9B23332B62008F17BB /* Master */ = {
			isa = PBXGroup;
			children = (
				D2BC7D9C233472D1008F17BB /* CollectionViewCell.swift */,
				D2BC7D872332E770008F17BB /* MasterViewController.swift */,
				D2BC7D892332E770008F17BB /* Master.storyboard */,
				D200A6AD233BE58F00E21D4E /* Menu.storyboard */,
				D200A6AB233AF6B200E21D4E /* MenuViewController.swift */,
				D2BC7D9E23353116008F17BB /* CardModel.swift */,
				D2BC7DA0233532BD008F17BB /* Card.swift */,
			);
			path = Master;
			sourceTree = "<group>";
		};
/* End PBXGroup section */

/* Begin PBXNativeTarget section */
		D2BC7D812332E770008F17BB /* CardMatchGame */ = {
			isa = PBXNativeTarget;
			buildConfigurationList = D2BC7D972332E775008F17BB /* Build configuration list for PBXNativeTarget "CardMatchGame" */;
			buildPhases = (
				D2BC7D7E2332E770008F17BB /* Sources */,
				D2BC7D7F2332E770008F17BB /* Frameworks */,
				D2BC7D802332E770008F17BB /* Resources */,
			);
			buildRules = (
			);
			dependencies = (
			);
			name = CardMatchGame;
			productName = CardMatchGame;
			productReference = D2BC7D822332E770008F17BB /* CardMatchGame.app */;
			productType = "com.apple.product-type.application";
		};
/* End PBXNativeTarget section */

/* Begin PBXProject section */
		D2BC7D7A2332E770008F17BB /* Project object */ = {
			isa = PBXProject;
			attributes = {
				LastSwiftUpdateCheck = 1030;
				LastUpgradeCheck = 1030;
				ORGANIZATIONNAME = "Yun Lu";
				TargetAttributes = {
					D2BC7D812332E770008F17BB = {
						CreatedOnToolsVersion = 10.3;
					};
				};
			};
			buildConfigurationList = D2BC7D7D2332E770008F17BB /* Build configuration list for PBXProject "CardMatchGame" */;
			compatibilityVersion = "Xcode 9.3";
			developmentRegion = en;
			hasScannedForEncodings = 0;
			knownRegions = (
				en,
				Base,
			);
			mainGroup = D2BC7D792332E770008F17BB;
			productRefGroup = D2BC7D832332E770008F17BB /* Products */;
			projectDirPath = "";
			projectRoot = "";
			targets = (
				D2BC7D812332E770008F17BB /* CardMatchGame */,
			);
		};
/* End PBXProject section */

/* Begin PBXResourcesBuildPhase section */
		D2BC7D802332E770008F17BB /* Resources */ = {
			isa = PBXResourcesBuildPhase;
			buildActionMask = 2147483647;
			files = (
				D2BC7D932332E775008F17BB /* LaunchScreen.storyboard in Resources */,
				D2BC7D902332E775008F17BB /* Assets.xcassets in Resources */,
				D2BC7D8B2332E770008F17BB /* Master.storyboard in Resources */,
				D200A6AE233BE58F00E21D4E /* Menu.storyboard in Resources */,
			);
			runOnlyForDeploymentPostprocessing = 0;
		};
/* End PBXResourcesBuildPhase section */

/* Begin PBXSourcesBuildPhase section */
		D2BC7D7E2332E770008F17BB /* Sources */ = {
			isa = PBXSourcesBuildPhase;
			buildActionMask = 2147483647;
			files = (
				D2BC7D8E2332E770008F17BB /* CardMatchGame.xcdatamodeld in Sources */,
				D2BC7DA1233532BD008F17BB /* Card.swift in Sources */,
				D2BC7D882332E770008F17BB /* MasterViewController.swift in Sources */,
				D200A6AC233AF6B200E21D4E /* MenuViewController.swift in Sources */,
				D2BC7D9D233472D1008F17BB /* CollectionViewCell.swift in Sources */,
				D2BC7D862332E770008F17BB /* AppDelegate.swift in Sources */,
				D2BC7D9F23353116008F17BB /* CardModel.swift in Sources */,
			);
			runOnlyForDeploymentPostprocessing = 0;
		};
/* End PBXSourcesBuildPhase section */

/* Begin PBXVariantGroup section */
		D2BC7D892332E770008F17BB /* Master.storyboard */ = {
			isa = PBXVariantGroup;
			children = (
				D2BC7D8A2332E770008F17BB /* Base */,
			);
			name = Master.storyboard;
			sourceTree = "<group>";
		};
		D2BC7D912332E775008F17BB /* LaunchScreen.storyboard */ = {
			isa = PBXVariantGroup;
			children = (
				D2BC7D922332E775008F17BB /* Base */,
			);
			name = LaunchScreen.storyboard;
			sourceTree = "<group>";
		};
/* End PBXVariantGroup section */

/* Begin XCBuildConfiguration section */
		D2BC7D952332E775008F17BB /* Debug */ = {
			isa = XCBuildConfiguration;
			buildSettings = {
				ALWAYS_SEARCH_USER_PATHS = NO;
				CLANG_ANALYZER_NONNULL = YES;
				CLANG_ANALYZER_NUMBER_OBJECT_CONVERSION = YES_AGGRESSIVE;
				CLANG_CXX_LANGUAGE_STANDARD = "gnu++14";
				CLANG_CXX_LIBRARY = "libc++";
				CLANG_ENABLE_MODULES = YES;
				CLANG_ENABLE_OBJC_ARC = YES;
				CLANG_ENABLE_OBJC_WEAK = YES;
				CLANG_WARN_BLOCK_CAPTURE_AUTORELEASING = YES;
				CLANG_WARN_BOOL_CONVERSION = YES;
				CLANG_WARN_COMMA = YES;
				CLANG_WARN_CONSTANT_CONVERSION = YES;
				CLANG_WARN_DEPRECATED_OBJC_IMPLEMENTATIONS = YES;
				CLANG_WARN_DIRECT_OBJC_ISA_USAGE = YES_ERROR;
				CLANG_WARN_DOCUMENTATION_COMMENTS = YES;
				CLANG_WARN_EMPTY_BODY = YES;
				CLANG_WARN_ENUM_CONVERSION = YES;
				CLANG_WARN_INFINITE_RECURSION = YES;
				CLANG_WARN_INT_CONVERSION = YES;
				CLANG_WARN_NON_LITERAL_NULL_CONVERSION = YES;
				CLANG_WARN_OBJC_IMPLICIT_RETAIN_SELF = YES;
				CLANG_WARN_OBJC_LITERAL_CONVERSION = YES;
				CLANG_WARN_OBJC_ROOT_CLASS = YES_ERROR;
				CLANG_WARN_RANGE_LOOP_ANALYSIS = YES;
				CLANG_WARN_STRICT_PROTOTYPES = YES;
				CLANG_WARN_SUSPICIOUS_MOVE = YES;
				CLANG_WARN_UNGUARDED_AVAILABILITY = YES_AGGRESSIVE;
				CLANG_WARN_UNREACHABLE_CODE = YES;
				CLANG_WARN__DUPLICATE_METHOD_MATCH = YES;
				CODE_SIGN_IDENTITY = "iPhone Developer";
				COPY_PHASE_STRIP = NO;
				DEBUG_INFORMATION_FORMAT = dwarf;
				ENABLE_STRICT_OBJC_MSGSEND = YES;
				ENABLE_TESTABILITY = YES;
				GCC_C_LANGUAGE_STANDARD = gnu11;
				GCC_DYNAMIC_NO_PIC = NO;
				GCC_NO_COMMON_BLOCKS = YES;
				GCC_OPTIMIZATION_LEVEL = 0;
				GCC_PREPROCESSOR_DEFINITIONS = (
					"DEBUG=1",
					"$(inherited)",
				);
				GCC_WARN_64_TO_32_BIT_CONVERSION = YES;
				GCC_WARN_ABOUT_RETURN_TYPE = YES_ERROR;
				GCC_WARN_UNDECLARED_SELECTOR = YES;
				GCC_WARN_UNINITIALIZED_AUTOS = YES_AGGRESSIVE;
				GCC_WARN_UNUSED_FUNCTION = YES;
				GCC_WARN_UNUSED_VARIABLE = YES;
				IPHONEOS_DEPLOYMENT_TARGET = 12.4;
				MTL_ENABLE_DEBUG_INFO = INCLUDE_SOURCE;
				MTL_FAST_MATH = YES;
				ONLY_ACTIVE_ARCH = YES;
				SDKROOT = iphoneos;
				SWIFT_ACTIVE_COMPILATION_CONDITIONS = DEBUG;
				SWIFT_OPTIMIZATION_LEVEL = "-Onone";
			};
			name = Debug;
		};
		D2BC7D962332E775008F17BB /* Release */ = {
			isa = XCBuildConfiguration;
			buildSettings = {
				ALWAYS_SEARCH_USER_PATHS = NO;
				CLANG_ANALYZER_NONNULL = YES;
				CLANG_ANALYZER_NUMBER_OBJECT_CONVERSION = YES_AGGRESSIVE;
				CLANG_CXX_LANGUAGE_STANDARD = "gnu++14";
				CLANG_CXX_LIBRARY = "libc++";
				CLANG_ENABLE_MODULES = YES;
				CLANG_ENABLE_OBJC_ARC = YES;
				CLANG_ENABLE_OBJC_WEAK = YES;
				CLANG_WARN_BLOCK_CAPTURE_AUTORELEASING = YES;
				CLANG_WARN_BOOL_CONVERSION = YES;
				CLANG_WARN_COMMA = YES;
				CLANG_WARN_CONSTANT_CONVERSION = YES;
				CLANG_WARN_DEPRECATED_OBJC_IMPLEMENTATIONS = YES;
				CLANG_WARN_DIRECT_OBJC_ISA_USAGE = YES_ERROR;
				CLANG_WARN_DOCUMENTATION_COMMENTS = YES;
				CLANG_WARN_EMPTY_BODY = YES;
				CLANG_WARN_ENUM_CONVERSION = YES;
				CLANG_WARN_INFINITE_RECURSION = YES;
				CLANG_WARN_INT_CONVERSION = YES;
				CLANG_WARN_NON_LITERAL_NULL_CONVERSION = YES;
				CLANG_WARN_OBJC_IMPLICIT_RETAIN_SELF = YES;
				CLANG_WARN_OBJC_LITERAL_CONVERSION = YES;
				CLANG_WARN_OBJC_ROOT_CLASS = YES_ERROR;
				CLANG_WARN_RANGE_LOOP_ANALYSIS = YES;
				CLANG_WARN_STRICT_PROTOTYPES = YES;
				CLANG_WARN_SUSPICIOUS_MOVE = YES;
				CLANG_WARN_UNGUARDED_AVAILABILITY = YES_AGGRESSIVE;
				CLANG_WARN_UNREACHABLE_CODE = YES;
				CLANG_WARN__DUPLICATE_METHOD_MATCH = YES;
				CODE_SIGN_IDENTITY = "iPhone Developer";
				COPY_PHASE_STRIP = NO;
				DEBUG_INFORMATION_FORMAT = "dwarf-with-dsym";
				ENABLE_NS_ASSERTIONS = NO;
				ENABLE_STRICT_OBJC_MSGSEND = YES;
				GCC_C_LANGUAGE_STANDARD = gnu11;
				GCC_NO_COMMON_BLOCKS = YES;
				GCC_WARN_64_TO_32_BIT_CONVERSION = YES;
				GCC_WARN_ABOUT_RETURN_TYPE = YES_ERROR;
				GCC_WARN_UNDECLARED_SELECTOR = YES;
				GCC_WARN_UNINITIALIZED_AUTOS = YES_AGGRESSIVE;
				GCC_WARN_UNUSED_FUNCTION = YES;
				GCC_WARN_UNUSED_VARIABLE = YES;
				IPHONEOS_DEPLOYMENT_TARGET = 12.4;
				MTL_ENABLE_DEBUG_INFO = NO;
				MTL_FAST_MATH = YES;
				SDKROOT = iphoneos;
				SWIFT_COMPILATION_MODE = wholemodule;
				SWIFT_OPTIMIZATION_LEVEL = "-O";
				VALIDATE_PRODUCT = YES;
			};
			name = Release;
		};
		D2BC7D982332E775008F17BB /* Debug */ = {
			isa = XCBuildConfiguration;
			buildSettings = {
				ASSETCATALOG_COMPILER_APPICON_NAME = AppIcon;
				CODE_SIGN_STYLE = Automatic;
				DEVELOPMENT_TEAM = R9626XDNR3;
				INFOPLIST_FILE = CardMatchGame/Info.plist;
				LD_RUNPATH_SEARCH_PATHS = (
					"$(inherited)",
					"@executable_path/Frameworks",
				);
				PRODUCT_BUNDLE_IDENTIFIER = com.Yun.CardMatchGame;
				PRODUCT_NAME = "$(TARGET_NAME)";
				SWIFT_VERSION = 5.0;
				TARGETED_DEVICE_FAMILY = "1,2";
			};
			name = Debug;
		};
		D2BC7D992332E775008F17BB /* Release */ = {
			isa = XCBuildConfiguration;
			buildSettings = {
				ASSETCATALOG_COMPILER_APPICON_NAME = AppIcon;
				CODE_SIGN_STYLE = Automatic;
				DEVELOPMENT_TEAM = R9626XDNR3;
				INFOPLIST_FILE = CardMatchGame/Info.plist;
				LD_RUNPATH_SEARCH_PATHS = (
					"$(inherited)",
					"@executable_path/Frameworks",
				);
				PRODUCT_BUNDLE_IDENTIFIER = com.Yun.CardMatchGame;
				PRODUCT_NAME = "$(TARGET_NAME)";
				SWIFT_VERSION = 5.0;
				TARGETED_DEVICE_FAMILY = "1,2";
			};
			name = Release;
		};
/* End XCBuildConfiguration section */

/* Begin XCConfigurationList section */
		D2BC7D7D2332E770008F17BB /* Build configuration list for PBXProject "CardMatchGame" */ = {
			isa = XCConfigurationList;
			buildConfigurations = (
				D2BC7D952332E775008F17BB /* Debug */,
				D2BC7D962332E775008F17BB /* Release */,
			);
			defaultConfigurationIsVisible = 0;
			defaultConfigurationName = Release;
		};
		D2BC7D972332E775008F17BB /* Build configuration list for PBXNativeTarget "CardMatchGame" */ = {
			isa = XCConfigurationList;
			buildConfigurations = (
				D2BC7D982332E775008F17BB /* Debug */,
				D2BC7D992332E775008F17BB /* Release */,
			);
			defaultConfigurationIsVisible = 0;
			defaultConfigurationName = Release;
		};
/* End XCConfigurationList section */

/* Begin XCVersionGroup section */
		D2BC7D8C2332E770008F17BB /* CardMatchGame.xcdatamodeld */ = {
			isa = XCVersionGroup;
			children = (
				D2BC7D8D2332E770008F17BB /* CardMatchGame.xcdatamodel */,
			);
			currentVersion = D2BC7D8D2332E770008F17BB /* CardMatchGame.xcdatamodel */;
			path = CardMatchGame.xcdatamodeld;
			sourceTree = "<group>";
			versionGroupType = wrapper.xcdatamodel;
		};
/* End XCVersionGroup section */
	};
	rootObject = D2BC7D7A2332E770008F17BB /* Project object */;
}
